
Microsoft Visual Studio Solution File, Format Version 12.00
# Visual Studio Version 17
VisualStudioVersion = 17.1.32421.90
MinimumVisualStudioVersion = 10.0.40219.1
Project("{FAE04EC0-301F-11D3-BF4B-00C04F79EFBC}") = "IT-Next", "IT-Next\IT-Next.csproj", "{40233DA1-2880-497C-8264-F0A6ABB1BB86}"
EndProject
Project("{2150E333-8FDC-42A3-9474-1A3956D46DE8}") = "Solution Items", "Solution Items", "{04BC5A55-16E7-47C4-913A-1DAC86B49FF3}"
	ProjectSection(SolutionItems) = preProject
		.gitattributes = .gitattributes
		.gitIgnore = .gitIgnore
		README.md = README.md
	EndProjectSection
EndProject
Global
	GlobalSection(SolutionConfigurationPlatforms) = preSolution
		Debug|Any CPU = Debug|Any CPU
		Release|Any CPU = Release|Any CPU
	EndGlobalSection
	GlobalSection(ProjectConfigurationPlatforms) = postSolution
		{40233DA1-2880-497C-8264-F0A6ABB1BB86}.Debug|Any CPU.ActiveCfg = Debug|Any CPU
		{40233DA1-2880-497C-8264-F0A6ABB1BB86}.Debug|Any CPU.Build.0 = Debug|Any CPU
		{40233DA1-2880-497C-8264-F0A6ABB1BB86}.Release|Any CPU.ActiveCfg = Release|Any CPU
		{40233DA1-2880-497C-8264-F0A6ABB1BB86}.Release|Any CPU.Build.0 = Release|Any CPU
	EndGlobalSection
	GlobalSection(SolutionProperties) = preSolution
		HideSolutionNode = FALSE
	EndGlobalSection
	GlobalSection(ExtensibilityGlobals) = postSolution
		SolutionGuid = {001C52C6-E8EC-4D9E-BAE7-8D2B62E7B013}
	EndGlobalSection
EndGlobal
